
Microsoft Visual Studio Solution File, Format Version 12.00
# Visual Studio Version 17
VisualStudioVersion = 17.11.35111.106
MinimumVisualStudioVersion = 10.0.40219.1
Project("{FAE04EC0-301F-11D3-BF4B-00C04F79EFBC}") = "App", "d:\CubeRobot\App\App.csproj", "{BBAD2B52-FAC9-497D-B7A9-655A95773AB0}"
EndProject
Global
	GlobalSection(SolutionConfigurationPlatforms) = preSolution
		Debug|Any CPU = Debug|Any CPU
		Release|Any CPU = Release|Any CPU
	EndGlobalSection
	GlobalSection(ProjectConfigurationPlatforms) = postSolution
		{BBAD2B52-FAC9-497D-B7A9-655A95773AB0}.Debug|Any CPU.ActiveCfg = Debug|Any CPU
		{BBAD2B52-FAC9-497D-B7A9-655A95773AB0}.Debug|Any CPU.Build.0 = Debug|Any CPU
		{BBAD2B52-FAC9-497D-B7A9-655A95773AB0}.Debug|Any CPU.Deploy.0 = Debug|Any CPU
		{BBAD2B52-FAC9-497D-B7A9-655A95773AB0}.Release|Any CPU.ActiveCfg = Release|Any CPU
		{BBAD2B52-FAC9-497D-B7A9-655A95773AB0}.Release|Any CPU.Build.0 = Release|Any CPU
	EndGlobalSection
	GlobalSection(SolutionProperties) = preSolution
		HideSolutionNode = FALSE
	EndGlobalSection
	GlobalSection(ExtensibilityGlobals) = postSolution
		SolutionGuid = {AA68CD49-4052-4BCC-B14D-A0C70003FAEB}
	EndGlobalSection
EndGlobal
