
Microsoft Visual Studio Solution File, Format Version 12.00
# Visual Studio Version 17
VisualStudioVersion = 17.11.35111.106
MinimumVisualStudioVersion = 10.0.40219.1
Project("{9A19103F-16F7-4668-BE54-9A1E7A4F7556}") = "CubeRobot.Models", "CubeRobot.Models\CubeRobot.Models.csproj", "{D0049147-6510-4FA3-952D-6244C27F319B}"
EndProject
Project("{9A19103F-16F7-4668-BE54-9A1E7A4F7556}") = "CubeRobot.Solvers", "CubeRobot.Solvers\CubeRobot.Solvers.csproj", "{A26FBDDE-DF82-43E1-9B97-A3A929B60C7C}"
EndProject
Project("{9A19103F-16F7-4668-BE54-9A1E7A4F7556}") = "CubeRobot.Robot", "CubeRobot.Communication\CubeRobot.Robot.csproj", "{5541D6E3-129E-4F35-A284-FF18B437ED7C}"
EndProject
Project("{9A19103F-16F7-4668-BE54-9A1E7A4F7556}") = "CubeRobot.Models.Test", "..\test\CubeRobot.Models.Test\CubeRobot.Models.Test.csproj", "{FEBD3BCF-1483-4C7C-B755-9B9B3626787C}"
EndProject
Project("{9A19103F-16F7-4668-BE54-9A1E7A4F7556}") = "CubeRobot.App", "CubeRobot.App\CubeRobot.App.csproj", "{CFD9F84D-E47D-48C2-837D-0541784E5F02}"
EndProject
Project("{9A19103F-16F7-4668-BE54-9A1E7A4F7556}") = "CubeRobot.Robot.Test", "..\test\CubeRobot.Robot.Test\CubeRobot.Robot.Test.csproj", "{947118A0-BE21-4CCE-B644-8D1D92621062}"
EndProject
Project("{9A19103F-16F7-4668-BE54-9A1E7A4F7556}") = "Kociemba", "Kociemba\Kociemba.csproj", "{58011365-6E92-477D-A0BE-A97CF611FBAA}"
EndProject
Project("{9A19103F-16F7-4668-BE54-9A1E7A4F7556}") = "CubeRobot.Util", "CubeRobot.Util\CubeRobot.Util.csproj", "{46232A00-AD5C-44CE-931C-C8D318B8ABE3}"
EndProject
Project("{9A19103F-16F7-4668-BE54-9A1E7A4F7556}") = "CubeRobot.CV", "CubeRobot.CV\CubeRobot.CV.csproj", "{8E7CDC84-4229-42A2-93C9-6F0F84DCB115}"
EndProject
Project("{FAE04EC0-301F-11D3-BF4B-00C04F79EFBC}") = "CubeRobot.CV.Test", "..\test\CubeRobot.CV.Test\CubeRobot.CV.Test.csproj", "{C1143848-CAEE-475B-B071-F955AC84D823}"
EndProject
Global
	GlobalSection(SolutionConfigurationPlatforms) = preSolution
		Debug|Any CPU = Debug|Any CPU
		Release|Any CPU = Release|Any CPU
	EndGlobalSection
	GlobalSection(ProjectConfigurationPlatforms) = postSolution
		{D0049147-6510-4FA3-952D-6244C27F319B}.Debug|Any CPU.ActiveCfg = Debug|Any CPU
		{D0049147-6510-4FA3-952D-6244C27F319B}.Debug|Any CPU.Build.0 = Debug|Any CPU
		{D0049147-6510-4FA3-952D-6244C27F319B}.Release|Any CPU.ActiveCfg = Release|Any CPU
		{D0049147-6510-4FA3-952D-6244C27F319B}.Release|Any CPU.Build.0 = Release|Any CPU
		{A26FBDDE-DF82-43E1-9B97-A3A929B60C7C}.Debug|Any CPU.ActiveCfg = Debug|Any CPU
		{A26FBDDE-DF82-43E1-9B97-A3A929B60C7C}.Debug|Any CPU.Build.0 = Debug|Any CPU
		{A26FBDDE-DF82-43E1-9B97-A3A929B60C7C}.Release|Any CPU.ActiveCfg = Release|Any CPU
		{A26FBDDE-DF82-43E1-9B97-A3A929B60C7C}.Release|Any CPU.Build.0 = Release|Any CPU
		{5541D6E3-129E-4F35-A284-FF18B437ED7C}.Debug|Any CPU.ActiveCfg = Debug|Any CPU
		{5541D6E3-129E-4F35-A284-FF18B437ED7C}.Debug|Any CPU.Build.0 = Debug|Any CPU
		{5541D6E3-129E-4F35-A284-FF18B437ED7C}.Release|Any CPU.ActiveCfg = Release|Any CPU
		{5541D6E3-129E-4F35-A284-FF18B437ED7C}.Release|Any CPU.Build.0 = Release|Any CPU
		{FEBD3BCF-1483-4C7C-B755-9B9B3626787C}.Debug|Any CPU.ActiveCfg = Debug|Any CPU
		{FEBD3BCF-1483-4C7C-B755-9B9B3626787C}.Debug|Any CPU.Build.0 = Debug|Any CPU
		{FEBD3BCF-1483-4C7C-B755-9B9B3626787C}.Release|Any CPU.ActiveCfg = Release|Any CPU
		{FEBD3BCF-1483-4C7C-B755-9B9B3626787C}.Release|Any CPU.Build.0 = Release|Any CPU
		{CFD9F84D-E47D-48C2-837D-0541784E5F02}.Debug|Any CPU.ActiveCfg = Debug|Any CPU
		{CFD9F84D-E47D-48C2-837D-0541784E5F02}.Debug|Any CPU.Build.0 = Debug|Any CPU
		{CFD9F84D-E47D-48C2-837D-0541784E5F02}.Debug|Any CPU.Deploy.0 = Debug|Any CPU
		{CFD9F84D-E47D-48C2-837D-0541784E5F02}.Release|Any CPU.ActiveCfg = Release|Any CPU
		{CFD9F84D-E47D-48C2-837D-0541784E5F02}.Release|Any CPU.Build.0 = Release|Any CPU
		{CFD9F84D-E47D-48C2-837D-0541784E5F02}.Release|Any CPU.Deploy.0 = Release|Any CPU
		{947118A0-BE21-4CCE-B644-8D1D92621062}.Debug|Any CPU.ActiveCfg = Debug|Any CPU
		{947118A0-BE21-4CCE-B644-8D1D92621062}.Debug|Any CPU.Build.0 = Debug|Any CPU
		{947118A0-BE21-4CCE-B644-8D1D92621062}.Release|Any CPU.ActiveCfg = Release|Any CPU
		{947118A0-BE21-4CCE-B644-8D1D92621062}.Release|Any CPU.Build.0 = Release|Any CPU
		{58011365-6E92-477D-A0BE-A97CF611FBAA}.Debug|Any CPU.ActiveCfg = Debug|Any CPU
		{58011365-6E92-477D-A0BE-A97CF611FBAA}.Debug|Any CPU.Build.0 = Debug|Any CPU
		{58011365-6E92-477D-A0BE-A97CF611FBAA}.Release|Any CPU.ActiveCfg = Release|Any CPU
		{58011365-6E92-477D-A0BE-A97CF611FBAA}.Release|Any CPU.Build.0 = Release|Any CPU
		{46232A00-AD5C-44CE-931C-C8D318B8ABE3}.Debug|Any CPU.ActiveCfg = Debug|Any CPU
		{46232A00-AD5C-44CE-931C-C8D318B8ABE3}.Debug|Any CPU.Build.0 = Debug|Any CPU
		{46232A00-AD5C-44CE-931C-C8D318B8ABE3}.Release|Any CPU.ActiveCfg = Release|Any CPU
		{46232A00-AD5C-44CE-931C-C8D318B8ABE3}.Release|Any CPU.Build.0 = Release|Any CPU
		{8E7CDC84-4229-42A2-93C9-6F0F84DCB115}.Debug|Any CPU.ActiveCfg = Debug|Any CPU
		{8E7CDC84-4229-42A2-93C9-6F0F84DCB115}.Debug|Any CPU.Build.0 = Debug|Any CPU
		{8E7CDC84-4229-42A2-93C9-6F0F84DCB115}.Release|Any CPU.ActiveCfg = Release|Any CPU
		{8E7CDC84-4229-42A2-93C9-6F0F84DCB115}.Release|Any CPU.Build.0 = Release|Any CPU
		{C1143848-CAEE-475B-B071-F955AC84D823}.Debug|Any CPU.ActiveCfg = Debug|Any CPU
		{C1143848-CAEE-475B-B071-F955AC84D823}.Debug|Any CPU.Build.0 = Debug|Any CPU
		{C1143848-CAEE-475B-B071-F955AC84D823}.Release|Any CPU.ActiveCfg = Release|Any CPU
		{C1143848-CAEE-475B-B071-F955AC84D823}.Release|Any CPU.Build.0 = Release|Any CPU
	EndGlobalSection
	GlobalSection(SolutionProperties) = preSolution
		HideSolutionNode = FALSE
	EndGlobalSection
	GlobalSection(ExtensibilityGlobals) = postSolution
		SolutionGuid = {AA68CD49-4052-4BCC-B14D-A0C70003FAEB}
	EndGlobalSection
EndGlobal
